
Microsoft Visual Studio Solution File, Format Version 12.00
# Visual Studio 2012
Project("{FAE04EC0-301F-11D3-BF4B-00C04F79EFBC}") = "WDS_t", "WDS_t\WDS_t\WDS_t.csproj", "{5B105307-7F62-4DE3-9C08-78CC710125ED}"
EndProject
Project("{FAE04EC0-301F-11D3-BF4B-00C04F79EFBC}") = "WDS_t.iOS", "WDS_t\WDS_t.iOS\WDS_t.iOS.csproj", "{3D070FD8-E4CC-49BF-AE8F-2BB08EF8AB05}"
EndProject
Project("{FAE04EC0-301F-11D3-BF4B-00C04F79EFBC}") = "WDS_t.Android", "WDS_t\WDS_t.Android\WDS_t.Android.csproj", "{2E8BD79D-1CFC-42AC-8165-523CB6BB6590}"
EndProject
Global
	GlobalSection(SolutionConfigurationPlatforms) = preSolution
		Ad-Hoc|Any CPU = Ad-Hoc|Any CPU
		Ad-Hoc|iPhone = Ad-Hoc|iPhone
		Ad-Hoc|iPhoneSimulator = Ad-Hoc|iPhoneSimulator
		Ad-Hoc|Mixed Platforms = Ad-Hoc|Mixed Platforms
		AppStore|Any CPU = AppStore|Any CPU
		AppStore|iPhone = AppStore|iPhone
		AppStore|iPhoneSimulator = AppStore|iPhoneSimulator
		AppStore|Mixed Platforms = AppStore|Mixed Platforms
		Debug|Any CPU = Debug|Any CPU
		Debug|iPhone = Debug|iPhone
		Debug|iPhoneSimulator = Debug|iPhoneSimulator
		Debug|Mixed Platforms = Debug|Mixed Platforms
		Release|Any CPU = Release|Any CPU
		Release|iPhone = Release|iPhone
		Release|iPhoneSimulator = Release|iPhoneSimulator
		Release|Mixed Platforms = Release|Mixed Platforms
	EndGlobalSection
	GlobalSection(ProjectConfigurationPlatforms) = postSolution
		{5B105307-7F62-4DE3-9C08-78CC710125ED}.Ad-Hoc|Any CPU.ActiveCfg = Release|Any CPU
		{5B105307-7F62-4DE3-9C08-78CC710125ED}.Ad-Hoc|Any CPU.Build.0 = Release|Any CPU
		{5B105307-7F62-4DE3-9C08-78CC710125ED}.Ad-Hoc|iPhone.ActiveCfg = Release|Any CPU
		{5B105307-7F62-4DE3-9C08-78CC710125ED}.Ad-Hoc|iPhoneSimulator.ActiveCfg = Release|Any CPU
		{5B105307-7F62-4DE3-9C08-78CC710125ED}.Ad-Hoc|Mixed Platforms.ActiveCfg = Release|Any CPU
		{5B105307-7F62-4DE3-9C08-78CC710125ED}.Ad-Hoc|Mixed Platforms.Build.0 = Release|Any CPU
		{5B105307-7F62-4DE3-9C08-78CC710125ED}.AppStore|Any CPU.ActiveCfg = Release|Any CPU
		{5B105307-7F62-4DE3-9C08-78CC710125ED}.AppStore|Any CPU.Build.0 = Release|Any CPU
		{5B105307-7F62-4DE3-9C08-78CC710125ED}.AppStore|iPhone.ActiveCfg = Release|Any CPU
		{5B105307-7F62-4DE3-9C08-78CC710125ED}.AppStore|iPhoneSimulator.ActiveCfg = Release|Any CPU
		{5B105307-7F62-4DE3-9C08-78CC710125ED}.AppStore|Mixed Platforms.ActiveCfg = Release|Any CPU
		{5B105307-7F62-4DE3-9C08-78CC710125ED}.AppStore|Mixed Platforms.Build.0 = Release|Any CPU
		{5B105307-7F62-4DE3-9C08-78CC710125ED}.Debug|Any CPU.ActiveCfg = Debug|Any CPU
		{5B105307-7F62-4DE3-9C08-78CC710125ED}.Debug|Any CPU.Build.0 = Debug|Any CPU
		{5B105307-7F62-4DE3-9C08-78CC710125ED}.Debug|iPhone.ActiveCfg = Debug|Any CPU
		{5B105307-7F62-4DE3-9C08-78CC710125ED}.Debug|iPhoneSimulator.ActiveCfg = Debug|Any CPU
		{5B105307-7F62-4DE3-9C08-78CC710125ED}.Debug|Mixed Platforms.ActiveCfg = Debug|Any CPU
		{5B105307-7F62-4DE3-9C08-78CC710125ED}.Debug|Mixed Platforms.Build.0 = Debug|Any CPU
		{5B105307-7F62-4DE3-9C08-78CC710125ED}.Release|Any CPU.ActiveCfg = Release|Any CPU
		{5B105307-7F62-4DE3-9C08-78CC710125ED}.Release|Any CPU.Build.0 = Release|Any CPU
		{5B105307-7F62-4DE3-9C08-78CC710125ED}.Release|iPhone.ActiveCfg = Release|Any CPU
		{5B105307-7F62-4DE3-9C08-78CC710125ED}.Release|iPhoneSimulator.ActiveCfg = Release|Any CPU
		{5B105307-7F62-4DE3-9C08-78CC710125ED}.Release|Mixed Platforms.ActiveCfg = Release|Any CPU
		{5B105307-7F62-4DE3-9C08-78CC710125ED}.Release|Mixed Platforms.Build.0 = Release|Any CPU
		{3D070FD8-E4CC-49BF-AE8F-2BB08EF8AB05}.Ad-Hoc|Any CPU.ActiveCfg = Ad-Hoc|iPhone
		{3D070FD8-E4CC-49BF-AE8F-2BB08EF8AB05}.Ad-Hoc|iPhone.ActiveCfg = Ad-Hoc|iPhone
		{3D070FD8-E4CC-49BF-AE8F-2BB08EF8AB05}.Ad-Hoc|iPhone.Build.0 = Ad-Hoc|iPhone
		{3D070FD8-E4CC-49BF-AE8F-2BB08EF8AB05}.Ad-Hoc|iPhoneSimulator.ActiveCfg = Ad-Hoc|iPhoneSimulator
		{3D070FD8-E4CC-49BF-AE8F-2BB08EF8AB05}.Ad-Hoc|iPhoneSimulator.Build.0 = Ad-Hoc|iPhoneSimulator
		{3D070FD8-E4CC-49BF-AE8F-2BB08EF8AB05}.Ad-Hoc|Mixed Platforms.ActiveCfg = Ad-Hoc|iPhone
		{3D070FD8-E4CC-49BF-AE8F-2BB08EF8AB05}.Ad-Hoc|Mixed Platforms.Build.0 = Ad-Hoc|iPhone
		{3D070FD8-E4CC-49BF-AE8F-2BB08EF8AB05}.AppStore|Any CPU.ActiveCfg = AppStore|iPhone
		{3D070FD8-E4CC-49BF-AE8F-2BB08EF8AB05}.AppStore|iPhone.ActiveCfg = AppStore|iPhone
		{3D070FD8-E4CC-49BF-AE8F-2BB08EF8AB05}.AppStore|iPhone.Build.0 = AppStore|iPhone
		{3D070FD8-E4CC-49BF-AE8F-2BB08EF8AB05}.AppStore|iPhoneSimulator.ActiveCfg = AppStore|iPhoneSimulator
		{3D070FD8-E4CC-49BF-AE8F-2BB08EF8AB05}.AppStore|iPhoneSimulator.Build.0 = AppStore|iPhoneSimulator
		{3D070FD8-E4CC-49BF-AE8F-2BB08EF8AB05}.AppStore|Mixed Platforms.ActiveCfg = AppStore|iPhone
		{3D070FD8-E4CC-49BF-AE8F-2BB08EF8AB05}.AppStore|Mixed Platforms.Build.0 = AppStore|iPhone
		{3D070FD8-E4CC-49BF-AE8F-2BB08EF8AB05}.Debug|Any CPU.ActiveCfg = Debug|iPhone
		{3D070FD8-E4CC-49BF-AE8F-2BB08EF8AB05}.Debug|iPhone.ActiveCfg = Debug|iPhone
		{3D070FD8-E4CC-49BF-AE8F-2BB08EF8AB05}.Debug|iPhone.Build.0 = Debug|iPhone
		{3D070FD8-E4CC-49BF-AE8F-2BB08EF8AB05}.Debug|iPhoneSimulator.ActiveCfg = Debug|iPhoneSimulator
		{3D070FD8-E4CC-49BF-AE8F-2BB08EF8AB05}.Debug|iPhoneSimulator.Build.0 = Debug|iPhoneSimulator
		{3D070FD8-E4CC-49BF-AE8F-2BB08EF8AB05}.Debug|Mixed Platforms.ActiveCfg = Debug|iPhone
		{3D070FD8-E4CC-49BF-AE8F-2BB08EF8AB05}.Debug|Mixed Platforms.Build.0 = Debug|iPhone
		{3D070FD8-E4CC-49BF-AE8F-2BB08EF8AB05}.Release|Any CPU.ActiveCfg = Release|iPhone
		{3D070FD8-E4CC-49BF-AE8F-2BB08EF8AB05}.Release|iPhone.ActiveCfg = Release|iPhone
		{3D070FD8-E4CC-49BF-AE8F-2BB08EF8AB05}.Release|iPhone.Build.0 = Release|iPhone
		{3D070FD8-E4CC-49BF-AE8F-2BB08EF8AB05}.Release|iPhoneSimulator.ActiveCfg = Release|iPhoneSimulator
		{3D070FD8-E4CC-49BF-AE8F-2BB08EF8AB05}.Release|iPhoneSimulator.Build.0 = Release|iPhoneSimulator
		{3D070FD8-E4CC-49BF-AE8F-2BB08EF8AB05}.Release|Mixed Platforms.ActiveCfg = Release|iPhone
		{3D070FD8-E4CC-49BF-AE8F-2BB08EF8AB05}.Release|Mixed Platforms.Build.0 = Release|iPhone
		{2E8BD79D-1CFC-42AC-8165-523CB6BB6590}.Ad-Hoc|Any CPU.ActiveCfg = Release|Any CPU
		{2E8BD79D-1CFC-42AC-8165-523CB6BB6590}.Ad-Hoc|Any CPU.Build.0 = Release|Any CPU
		{2E8BD79D-1CFC-42AC-8165-523CB6BB6590}.Ad-Hoc|Any CPU.Deploy.0 = Release|Any CPU
		{2E8BD79D-1CFC-42AC-8165-523CB6BB6590}.Ad-Hoc|iPhone.ActiveCfg = Release|Any CPU
		{2E8BD79D-1CFC-42AC-8165-523CB6BB6590}.Ad-Hoc|iPhoneSimulator.ActiveCfg = Release|Any CPU
		{2E8BD79D-1CFC-42AC-8165-523CB6BB6590}.Ad-Hoc|Mixed Platforms.ActiveCfg = Release|Any CPU
		{2E8BD79D-1CFC-42AC-8165-523CB6BB6590}.Ad-Hoc|Mixed Platforms.Build.0 = Release|Any CPU
		{2E8BD79D-1CFC-42AC-8165-523CB6BB6590}.Ad-Hoc|Mixed Platforms.Deploy.0 = Release|Any CPU
		{2E8BD79D-1CFC-42AC-8165-523CB6BB6590}.AppStore|Any CPU.ActiveCfg = Release|Any CPU
		{2E8BD79D-1CFC-42AC-8165-523CB6BB6590}.AppStore|Any CPU.Build.0 = Release|Any CPU
		{2E8BD79D-1CFC-42AC-8165-523CB6BB6590}.AppStore|Any CPU.Deploy.0 = Release|Any CPU
		{2E8BD79D-1CFC-42AC-8165-523CB6BB6590}.AppStore|iPhone.ActiveCfg = Release|Any CPU
		{2E8BD79D-1CFC-42AC-8165-523CB6BB6590}.AppStore|iPhoneSimulator.ActiveCfg = Release|Any CPU
		{2E8BD79D-1CFC-42AC-8165-523CB6BB6590}.AppStore|Mixed Platforms.ActiveCfg = Release|Any CPU
		{2E8BD79D-1CFC-42AC-8165-523CB6BB6590}.AppStore|Mixed Platforms.Build.0 = Release|Any CPU
		{2E8BD79D-1CFC-42AC-8165-523CB6BB6590}.AppStore|Mixed Platforms.Deploy.0 = Release|Any CPU
		{2E8BD79D-1CFC-42AC-8165-523CB6BB6590}.Debug|Any CPU.ActiveCfg = Debug|Any CPU
		{2E8BD79D-1CFC-42AC-8165-523CB6BB6590}.Debug|Any CPU.Build.0 = Debug|Any CPU
		{2E8BD79D-1CFC-42AC-8165-523CB6BB6590}.Debug|Any CPU.Deploy.0 = Debug|Any CPU
		{2E8BD79D-1CFC-42AC-8165-523CB6BB6590}.Debug|iPhone.ActiveCfg = Debug|Any CPU
		{2E8BD79D-1CFC-42AC-8165-523CB6BB6590}.Debug|iPhoneSimulator.ActiveCfg = Debug|Any CPU
		{2E8BD79D-1CFC-42AC-8165-523CB6BB6590}.Debug|Mixed Platforms.ActiveCfg = Debug|Any CPU
		{2E8BD79D-1CFC-42AC-8165-523CB6BB6590}.Debug|Mixed Platforms.Build.0 = Debug|Any CPU
		{2E8BD79D-1CFC-42AC-8165-523CB6BB6590}.Debug|Mixed Platforms.Deploy.0 = Debug|Any CPU
		{2E8BD79D-1CFC-42AC-8165-523CB6BB6590}.Release|Any CPU.ActiveCfg = Release|Any CPU
		{2E8BD79D-1CFC-42AC-8165-523CB6BB6590}.Release|Any CPU.Build.0 = Release|Any CPU
		{2E8BD79D-1CFC-42AC-8165-523CB6BB6590}.Release|Any CPU.Deploy.0 = Release|Any CPU
		{2E8BD79D-1CFC-42AC-8165-523CB6BB6590}.Release|iPhone.ActiveCfg = Release|Any CPU
		{2E8BD79D-1CFC-42AC-8165-523CB6BB6590}.Release|iPhoneSimulator.ActiveCfg = Release|Any CPU
		{2E8BD79D-1CFC-42AC-8165-523CB6BB6590}.Release|Mixed Platforms.ActiveCfg = Release|Any CPU
		{2E8BD79D-1CFC-42AC-8165-523CB6BB6590}.Release|Mixed Platforms.Build.0 = Release|Any CPU
		{2E8BD79D-1CFC-42AC-8165-523CB6BB6590}.Release|Mixed Platforms.Deploy.0 = Release|Any CPU
	EndGlobalSection
	GlobalSection(SolutionProperties) = preSolution
		HideSolutionNode = FALSE
	EndGlobalSection
EndGlobal
